
Microsoft Visual Studio Solution File, Format Version 12.00
# Visual Studio Version 17
VisualStudioVersion = 17.3.32825.248
MinimumVisualStudioVersion = 10.0.40219.1
Project("{2150E333-8FDC-42A3-9474-1A3956D46DE8}") = "Solution Items", "Solution Items", "{F6854039-2F9E-473B-882F-68CAE327C340}"
	ProjectSection(SolutionItems) = preProject
		README.md = README.md
	EndProjectSection
EndProject
Project("{9A19103F-16F7-4668-BE54-9A1E7A4F7556}") = "SalesTax", "src\SalesTax.csproj", "{BF20C875-2678-4838-80FA-C70F544B1073}"
EndProject
Project("{9A19103F-16F7-4668-BE54-9A1E7A4F7556}") = "SalesTaxTest", "SalesTaxTest\SalesTaxTest.csproj", "{1C403437-4F2E-4914-B716-8E46B50EDDEF}"
EndProject
Global
	GlobalSection(SolutionConfigurationPlatforms) = preSolution
		Debug|Any CPU = Debug|Any CPU
		Release|Any CPU = Release|Any CPU
	EndGlobalSection
	GlobalSection(ProjectConfigurationPlatforms) = postSolution
		{BF20C875-2678-4838-80FA-C70F544B1073}.Debug|Any CPU.ActiveCfg = Debug|Any CPU
		{BF20C875-2678-4838-80FA-C70F544B1073}.Debug|Any CPU.Build.0 = Debug|Any CPU
		{BF20C875-2678-4838-80FA-C70F544B1073}.Release|Any CPU.ActiveCfg = Release|Any CPU
		{BF20C875-2678-4838-80FA-C70F544B1073}.Release|Any CPU.Build.0 = Release|Any CPU
		{1C403437-4F2E-4914-B716-8E46B50EDDEF}.Debug|Any CPU.ActiveCfg = Debug|Any CPU
		{1C403437-4F2E-4914-B716-8E46B50EDDEF}.Debug|Any CPU.Build.0 = Debug|Any CPU
		{1C403437-4F2E-4914-B716-8E46B50EDDEF}.Release|Any CPU.ActiveCfg = Release|Any CPU
		{1C403437-4F2E-4914-B716-8E46B50EDDEF}.Release|Any CPU.Build.0 = Release|Any CPU
	EndGlobalSection
	GlobalSection(SolutionProperties) = preSolution
		HideSolutionNode = FALSE
	EndGlobalSection
	GlobalSection(ExtensibilityGlobals) = postSolution
		SolutionGuid = {9DAD929E-9DA1-4A95-B5FF-0C339A14979A}
	EndGlobalSection
EndGlobal
